dependencies:
- name: pgvector
  repository: https://rh-ai-quickstart.github.io/ai-architecture-charts
  version: 0.1.0
- name: minio
  repository: https://rh-ai-quickstart.github.io/ai-architecture-charts
  version: 0.1.0
- name: mcp-servers
  repository: https://rh-ai-quickstart.github.io/ai-architecture-charts
  version: 0.5.7
- name: aap-mock
  repository: ""
  version: 0.1.0
digest: sha256:1b92085952bc8c664a890916b59d895785e13c49b3bd94e0458b46d86c0b2bec
generated: "2025-12-04T10:02:37.704249-05:00"
